{
  "name": "docsearch",
  "version": "1.0.0",
  "lockfileVersion": 1,
  "requires": true,
  "dependencies": {
    "@algolia/cache-browser-local-storage": {
      "version": "4.14.1",
      "resolved": "https://registry.npmjs.org/@algolia/cache-browser-local-storage/-/cache-browser-local-storage-4.14.1.tgz",
      "integrity": "sha512-BBdibsPn3hLBajc/NRAtHEeoXsw+ziSGR/3bqRNB5puUuwKPQZSE2MaMVWSADnlc3KV3bEj4xsfKOVLJyfJSPQ==",
      "requires": {
        "@algolia/cache-common": "4.14.1"
      }
    },
    "@algolia/cache-common": {
      "version": "4.14.1",
      "resolved": "https://registry.npmjs.org/@algolia/cache-common/-/cache-common-4.14.1.tgz",
      "integrity": "sha512-XhAzm0Sm3D3DuOWUyDoVSXZ/RjYMvI1rbki+QH4ODAVaHDWVhMhg3IJPv3gIbBQnEQdtPdBhsf2hyPxAu28E5w=="
    },
    "@algolia/cache-in-memory": {
      "version": "4.14.1",
      "resolved": "https://registry.npmjs.org/@algolia/cache-in-memory/-/cache-in-memory-4.14.1.tgz",
      "integrity": "sha512-fVUu7N1hYb/zZYfV9Krlij70NwS+8bQm5vmDJyfp0+9FjSjz2V7wj1CUxvaY8ZcgoBPj9ehQ8sRuqSM2m5OPww==",
      "requires": {
        "@algolia/cache-common": "4.14.1"
      }
    },
    "@algolia/client-account": {
      "version": "4.14.1",
      "resolved": "https://registry.npmjs.org/@algolia/client-account/-/client-account-4.14.1.tgz",
      "integrity": "sha512-Zm4+PN3bsBPhv1dKKwzBaRGzf0G1JcjjSTpE231L7Z7LsEDcFDW4E6L5ctwMz3SliSBeL/j1ghmaunJrZlkRIg==",
      "requires": {
        "@algolia/client-common": "4.14.1",
        "@algolia/client-search": "4.14.1",
        "@algolia/transporter": "4.14.1"
      }
    },
    "@algolia/client-analytics": {
      "version": "4.14.1",
      "resolved": "https://registry.npmjs.org/@algolia/client-analytics/-/client-analytics-4.14.1.tgz",
      "integrity": "sha512-EhZLR0ezBZx7ZGkwzj7OTvnI8j2Alyv1ByC0Mx48qh3KqRhVwMFm/Uf34zAv4Dum2PTFin41Y4smAvAypth9nQ==",
      "requires": {
        "@algolia/client-common": "4.14.1",
        "@algolia/client-search": "4.14.1",
        "@algolia/requester-common": "4.14.1",
        "@algolia/transporter": "4.14.1"
      }
    },
    "@algolia/client-common": {
      "version": "4.14.1",
      "resolved": "https://registry.npmjs.org/@algolia/client-common/-/client-common-4.14.1.tgz",
      "integrity": "sha512-WDwziD7Rt1yCRDfONmeLOfh1Lt8uOy6Vn7dma171KOH9NN3q8yDQpOhPqdFOCz1j3GC1FfIZxaC0YEOIobZ2lg==",
      "requires": {
        "@algolia/requester-common": "4.14.1",
        "@algolia/transporter": "4.14.1"
      }
    },
    "@algolia/client-personalization": {
      "version": "4.14.1",
      "resolved": "https://registry.npmjs.org/@algolia/client-personalization/-/client-personalization-4.14.1.tgz",
      "integrity": "sha512-D4eeW7bTi769PWcEYZO+QiKuUXFOC5zK5Iy83Ey6FHqS7m5TXws5MP1rmETE018lTXeYq2NSHWp/F07fRRg0RA==",
      "requires": {
        "@algolia/client-common": "4.14.1",
        "@algolia/requester-common": "4.14.1",
        "@algolia/transporter": "4.14.1"
      }
    },
    "@algolia/client-search": {
      "version": "4.14.1",
      "resolved": "https://registry.npmjs.org/@algolia/client-search/-/client-search-4.14.1.tgz",
      "integrity": "sha512-K6XrdIIQq8a3o+kCedj5slUVzA1aKttae4mLzwnY0bS7tYduv1IQggi9Sz8gOG6/MMyKMB4IwYqr47t/0z4Vxw==",
      "requires": {
        "@algolia/client-common": "4.14.1",
        "@algolia/requester-common": "4.14.1",
        "@algolia/transporter": "4.14.1"
      }
    },
    "@algolia/logger-common": {
      "version": "4.14.1",
      "resolved": "https://registry.npmjs.org/@algolia/logger-common/-/logger-common-4.14.1.tgz",
      "integrity": "sha512-58CK87wTjUWI1QNXc3nFDQ7EXBi28NoLufXE9sMjng2fAL1wPdyO+KFD8KTBoXOZnJWflPj5F7p6jLyGAfgvcQ=="
    },
    "@algolia/logger-console": {
      "version": "4.14.1",
      "resolved": "https://registry.npmjs.org/@algolia/logger-console/-/logger-console-4.14.1.tgz",
      "integrity": "sha512-not+VwH1Dx2B/BaN+4+4+YnGRBJ9lduNz2qbMCTxZ4yFHb+84j4ewHRPBTtEmibn7caVCPybdTKfHLQhimSBLQ==",
      "requires": {
        "@algolia/logger-common": "4.14.1"
      }
    },
    "@algolia/requester-browser-xhr": {
      "version": "4.14.1",
      "resolved": "https://registry.npmjs.org/@algolia/requester-browser-xhr/-/requester-browser-xhr-4.14.1.tgz",
      "integrity": "sha512-mpH6QsFBbXjTy9+iU86Rcdt9LxS7GA/tWhGMr0+Ap8+4Za5+ELToz0PC7euVeVOcclgGGi7gbjOAmf6k8b10iA==",
      "requires": {
        "@algolia/requester-common": "4.14.1"
      }
    },
    "@algolia/requester-common": {
      "version": "4.14.1",
      "resolved": "https://registry.npmjs.org/@algolia/requester-common/-/requester-common-4.14.1.tgz",
      "integrity": "sha512-EbXBKrfYcX5/JJfaw7IZxhWlbUtjd5Chs+Alrfc4tutgRQn4dmImWS07n3iffwJcYdOWY1eRrnfBK5BwopuN5A=="
    },
    "@algolia/requester-node-http": {
      "version": "4.14.1",
      "resolved": "https://registry.npmjs.org/@algolia/requester-node-http/-/requester-node-http-4.14.1.tgz",
      "integrity": "sha512-/sbRqL9P8aVuYUG50BgpCbdJyyCS7fia+sQIx9d1DiGPO7hunwLaEyR4H7JDHc/PLKdVEPygJx3rnbJWix4Btg==",
      "requires": {
        "@algolia/requester-common": "4.14.1"
      }
    },
    "@algolia/transporter": {
      "version": "4.14.1",
      "resolved": "https://registry.npmjs.org/@algolia/transporter/-/transporter-4.14.1.tgz",
      "integrity": "sha512-xbmoIqszFDOCCZqizBQ2TNHcGtjZX7EkJCzABsrokA0WqtfZzClFmtc+tZYgtEiyAfIF70alTegG19poQGdkvg==",
      "requires": {
        "@algolia/cache-common": "4.14.1",
        "@algolia/logger-common": "4.14.1",
        "@algolia/requester-common": "4.14.1"
      }
    },
    "algoliasearch": {
      "version": "4.14.1",
      "resolved": "https://registry.npmjs.org/algoliasearch/-/algoliasearch-4.14.1.tgz",
      "integrity": "sha512-ZWqnbsGUgU03/IyG995pMCc+EmNVDA/4c9ntr8B0dWQwFqazOQ4ErvKZxarbgSNmyPo/eZcVsTb0bNplJMttGQ==",
      "requires": {
        "@algolia/cache-browser-local-storage": "4.14.1",
        "@algolia/cache-common": "4.14.1",
        "@algolia/cache-in-memory": "4.14.1",
        "@algolia/client-account": "4.14.1",
        "@algolia/client-analytics": "4.14.1",
        "@algolia/client-common": "4.14.1",
        "@algolia/client-personalization": "4.14.1",
        "@algolia/client-search": "4.14.1",
        "@algolia/logger-common": "4.14.1",
        "@algolia/logger-console": "4.14.1",
        "@algolia/requester-browser-xhr": "4.14.1",
        "@algolia/requester-common": "4.14.1",
        "@algolia/requester-node-http": "4.14.1",
        "@algolia/transporter": "4.14.1"
      }
    },
    "dotenv": {
      "version": "16.0.1",
      "resolved": "https://registry.npmjs.org/dotenv/-/dotenv-16.0.1.tgz",
      "integrity": "sha512-1K6hR6wtk2FviQ4kEiSjFiH5rpzEVi8WW0x96aztHVMhEspNpc4DVOUTEHtEva5VThQ8IaBX1Pe4gSzpVVUsKQ=="
    }
  }
}
